// !$*UTF8*$!
{
	archiveVersion = 1;
	classes = {
	};
	objectVersion = 46;
	objects = {

/* Begin PBXBuildFile section */
		AE97F45317A4EAFE00D22A38 /* Cocoa.framework in Frameworks */ = {isa = PBXBuildFile; fileRef = AE97F45217A4EAFE00D22A38 /* Cocoa.framework */; };
		AE97F45D17A4EAFE00D22A38 /* InfoPlist.strings in Resources */ = {isa = PBXBuildFile; fileRef = AE97F45B17A4EAFE00D22A38 /* InfoPlist.strings */; };
		AE97F45F17A4EAFE00D22A38 /* main.m in Sources */ = {isa = PBXBuildFile; fileRef = AE97F45E17A4EAFE00D22A38 /* main.m */; };
		AE97F46617A4EAFE00D22A38 /* AppDelegate.m in Sources */ = {isa = PBXBuildFile; fileRef = AE97F46517A4EAFE00D22A38 /* AppDelegate.m */; };
		AE97F46917A4EAFE00D22A38 /* MainMenu.xib in Resources */ = {isa = PBXBuildFile; fileRef = AE97F46717A4EAFE00D22A38 /* MainMenu.xib */; };
		AE9FA6651810EA75001F1EF5 /* Sparkle.framework in Frameworks */ = {isa = PBXBuildFile; fileRef = AE9FA6641810EA75001F1EF5 /* Sparkle.framework */; };
		AE9FA6661810EA7E001F1EF5 /* Sparkle.framework in CopyFiles */ = {isa = PBXBuildFile; fileRef = AE9FA6641810EA75001F1EF5 /* Sparkle.framework */; };
		AECA404D18135B0F000D76BE /* pe.icns in Resources */ = {isa = PBXBuildFile; fileRef = AECA404C18135B0F000D76BE /* pe.icns */; };
		AEF12E4317A8C74900A832D5 /* Security.framework in Frameworks */ = {isa = PBXBuildFile; fileRef = AEF12E4217A8C74900A832D5 /* Security.framework */; };
		AEFC932A1810D43F00292CB6 /* Credits.rtf in Resources */ = {isa = PBXBuildFile; fileRef = AEFC93291810D43F00292CB6 /* Credits.rtf */; };
/* End PBXBuildFile section */

/* Begin PBXCopyFilesBuildPhase section */
		AEF5E8FE1810D5FD007D0811 /* CopyFiles */ = {
			isa = PBXCopyFilesBuildPhase;
			buildActionMask = 2147483647;
			dstPath = "";
			dstSubfolderSpec = 10;
			files = (
				AE9FA6661810EA7E001F1EF5 /* Sparkle.framework in CopyFiles */,
			);
			runOnlyForDeploymentPostprocessing = 0;
		};
/* End PBXCopyFilesBuildPhase section */

/* Begin PBXFileReference section */
		AE97F44E17A4EAFE00D22A38 /* ProbablyEngine.app */ = {isa = PBXFileReference; explicitFileType = wrapper.application; includeInIndex = 0; path = ProbablyEngine.app; sourceTree = BUILT_PRODUCTS_DIR; };
		AE97F45217A4EAFE00D22A38 /* Cocoa.framework */ = {isa = PBXFileReference; lastKnownFileType = wrapper.framework; name = Cocoa.framework; path = System/Library/Frameworks/Cocoa.framework; sourceTree = SDKROOT; };
		AE97F45517A4EAFE00D22A38 /* AppKit.framework */ = {isa = PBXFileReference; lastKnownFileType = wrapper.framework; name = AppKit.framework; path = System/Library/Frameworks/AppKit.framework; sourceTree = SDKROOT; };
		AE97F45617A4EAFE00D22A38 /* CoreData.framework */ = {isa = PBXFileReference; lastKnownFileType = wrapper.framework; name = CoreData.framework; path = System/Library/Frameworks/CoreData.framework; sourceTree = SDKROOT; };
		AE97F45717A4EAFE00D22A38 /* Foundation.framework */ = {isa = PBXFileReference; lastKnownFileType = wrapper.framework; name = Foundation.framework; path = System/Library/Frameworks/Foundation.framework; sourceTree = SDKROOT; };
		AE97F45A17A4EAFE00D22A38 /* ProbablyEngine-Info.plist */ = {isa = PBXFileReference; lastKnownFileType = text.plist.xml; path = "ProbablyEngine-Info.plist"; sourceTree = "<group>"; };
		AE97F45C17A4EAFE00D22A38 /* en */ = {isa = PBXFileReference; lastKnownFileType = text.plist.strings; name = en; path = en.lproj/InfoPlist.strings; sourceTree = "<group>"; };
		AE97F45E17A4EAFE00D22A38 /* main.m */ = {isa = PBXFileReference; lastKnownFileType = sourcecode.c.objc; path = main.m; sourceTree = "<group>"; };
		AE97F46017A4EAFE00D22A38 /* ProbablyEngine-Prefix.pch */ = {isa = PBXFileReference; lastKnownFileType = sourcecode.c.h; path = "ProbablyEngine-Prefix.pch"; sourceTree = "<group>"; };
		AE97F46417A4EAFE00D22A38 /* AppDelegate.h */ = {isa = PBXFileReference; lastKnownFileType = sourcecode.c.h; path = AppDelegate.h; sourceTree = "<group>"; };
		AE97F46517A4EAFE00D22A38 /* AppDelegate.m */ = {isa = PBXFileReference; lastKnownFileType = sourcecode.c.objc; path = AppDelegate.m; sourceTree = "<group>"; };
		AE97F46817A4EAFE00D22A38 /* en */ = {isa = PBXFileReference; lastKnownFileType = file.xib; name = en; path = en.lproj/MainMenu.xib; sourceTree = "<group>"; };
		AE9FA6641810EA75001F1EF5 /* Sparkle.framework */ = {isa = PBXFileReference; lastKnownFileType = wrapper.framework; name = Sparkle.framework; path = ProbablyEngine/Sparkle.framework; sourceTree = "<group>"; };
		AECA404C18135B0F000D76BE /* pe.icns */ = {isa = PBXFileReference; lastKnownFileType = image.icns; path = pe.icns; sourceTree = "<group>"; };
		AEF12E4217A8C74900A832D5 /* Security.framework */ = {isa = PBXFileReference; lastKnownFileType = wrapper.framework; name = Security.framework; path = System/Library/Frameworks/Security.framework; sourceTree = SDKROOT; };
		AEFC93291810D43F00292CB6 /* Credits.rtf */ = {isa = PBXFileReference; fileEncoding = 4; lastKnownFileType = text.rtf; path = Credits.rtf; sourceTree = "<group>"; };
/* End PBXFileReference section */

/* Begin PBXFrameworksBuildPhase section */
		AE97F44B17A4EAFE00D22A38 /* Frameworks */ = {
			isa = PBXFrameworksBuildPhase;
			buildActionMask = 2147483647;
			files = (
				AEF12E4317A8C74900A832D5 /* Security.framework in Frameworks */,
				AE97F45317A4EAFE00D22A38 /* Cocoa.framework in Frameworks */,
				AE9FA6651810EA75001F1EF5 /* Sparkle.framework in Frameworks */,
			);
			runOnlyForDeploymentPostprocessing = 0;
		};
/* End PBXFrameworksBuildPhase section */

/* Begin PBXGroup section */
		AE97F44317A4EAFE00D22A38 = {
			isa = PBXGroup;
			children = (
				AECA404C18135B0F000D76BE /* pe.icns */,
				AE97F45817A4EAFE00D22A38 /* ProbablyEngine */,
				AE97F45117A4EAFE00D22A38 /* Frameworks */,
				AE97F44F17A4EAFE00D22A38 /* Products */,
			);
			sourceTree = "<group>";
		};
		AE97F44F17A4EAFE00D22A38 /* Products */ = {
			isa = PBXGroup;
			children = (
				AE97F44E17A4EAFE00D22A38 /* ProbablyEngine.app */,
			);
			name = Products;
			sourceTree = "<group>";
		};
		AE97F45117A4EAFE00D22A38 /* Frameworks */ = {
			isa = PBXGroup;
			children = (
				AEF12E4217A8C74900A832D5 /* Security.framework */,
				AE9FA6641810EA75001F1EF5 /* Sparkle.framework */,
				AE97F45217A4EAFE00D22A38 /* Cocoa.framework */,
				AE97F45417A4EAFE00D22A38 /* Other Frameworks */,
			);
			name = Frameworks;
			sourceTree = "<group>";
		};
		AE97F45417A4EAFE00D22A38 /* Other Frameworks */ = {
			isa = PBXGroup;
			children = (
				AE97F45517A4EAFE00D22A38 /* AppKit.framework */,
				AE97F45617A4EAFE00D22A38 /* CoreData.framework */,
				AE97F45717A4EAFE00D22A38 /* Foundation.framework */,
			);
			name = "Other Frameworks";
			sourceTree = "<group>";
		};
		AE97F45817A4EAFE00D22A38 /* ProbablyEngine */ = {
			isa = PBXGroup;
			children = (
				AE97F46417A4EAFE00D22A38 /* AppDelegate.h */,
				AE97F46517A4EAFE00D22A38 /* AppDelegate.m */,
				AE97F46717A4EAFE00D22A38 /* MainMenu.xib */,
				AE97F45917A4EAFE00D22A38 /* Supporting Files */,
			);
			path = ProbablyEngine;
			sourceTree = "<group>";
		};
		AE97F45917A4EAFE00D22A38 /* Supporting Files */ = {
			isa = PBXGroup;
			children = (
				AE97F45A17A4EAFE00D22A38 /* ProbablyEngine-Info.plist */,
				AE97F45B17A4EAFE00D22A38 /* InfoPlist.strings */,
				AE97F45E17A4EAFE00D22A38 /* main.m */,
				AE97F46017A4EAFE00D22A38 /* ProbablyEngine-Prefix.pch */,
				AEFC93291810D43F00292CB6 /* Credits.rtf */,
			);
			name = "Supporting Files";
			sourceTree = "<group>";
		};
/* End PBXGroup section */

/* Begin PBXNativeTarget section */
		AE97F44D17A4EAFE00D22A38 /* ProbablyEngine */ = {
			isa = PBXNativeTarget;
			buildConfigurationList = AE97F46C17A4EAFE00D22A38 /* Build configuration list for PBXNativeTarget "ProbablyEngine" */;
			buildPhases = (
				AE97F44A17A4EAFE00D22A38 /* Sources */,
				AE97F44B17A4EAFE00D22A38 /* Frameworks */,
				AE97F44C17A4EAFE00D22A38 /* Resources */,
				AEF5E8FE1810D5FD007D0811 /* CopyFiles */,
			);
			buildRules = (
			);
			dependencies = (
			);
			name = ProbablyEngine;
			productName = ProbablyEngine;
			productReference = AE97F44E17A4EAFE00D22A38 /* ProbablyEngine.app */;
			productType = "com.apple.product-type.application";
		};
/* End PBXNativeTarget section */

/* Begin PBXProject section */
		AE97F44517A4EAFE00D22A38 /* Project object */ = {
			isa = PBXProject;
			attributes = {
				LastUpgradeCheck = 0450;
				ORGANIZATIONNAME = BenPhelps.me;
			};
			buildConfigurationList = AE97F44817A4EAFE00D22A38 /* Build configuration list for PBXProject "ProbablyEngine" */;
			compatibilityVersion = "Xcode 3.2";
			developmentRegion = English;
			hasScannedForEncodings = 0;
			knownRegions = (
				en,
			);
			mainGroup = AE97F44317A4EAFE00D22A38;
			productRefGroup = AE97F44F17A4EAFE00D22A38 /* Products */;
			projectDirPath = "";
			projectRoot = "";
			targets = (
				AE97F44D17A4EAFE00D22A38 /* ProbablyEngine */,
			);
		};
/* End PBXProject section */

/* Begin PBXResourcesBuildPhase section */
		AE97F44C17A4EAFE00D22A38 /* Resources */ = {
			isa = PBXResourcesBuildPhase;
			buildActionMask = 2147483647;
			files = (
				AE97F45D17A4EAFE00D22A38 /* InfoPlist.strings in Resources */,
				AE97F46917A4EAFE00D22A38 /* MainMenu.xib in Resources */,
				AEFC932A1810D43F00292CB6 /* Credits.rtf in Resources */,
				AECA404D18135B0F000D76BE /* pe.icns in Resources */,
			);
			runOnlyForDeploymentPostprocessing = 0;
		};
/* End PBXResourcesBuildPhase section */

/* Begin PBXSourcesBuildPhase section */
		AE97F44A17A4EAFE00D22A38 /* Sources */ = {
			isa = PBXSourcesBuildPhase;
			buildActionMask = 2147483647;
			files = (
				AE97F45F17A4EAFE00D22A38 /* main.m in Sources */,
				AE97F46617A4EAFE00D22A38 /* AppDelegate.m in Sources */,
			);
			runOnlyForDeploymentPostprocessing = 0;
		};
/* End PBXSourcesBuildPhase section */

/* Begin PBXVariantGroup section */
		AE97F45B17A4EAFE00D22A38 /* InfoPlist.strings */ = {
			isa = PBXVariantGroup;
			children = (
				AE97F45C17A4EAFE00D22A38 /* en */,
			);
			name = InfoPlist.strings;
			sourceTree = "<group>";
		};
		AE97F46717A4EAFE00D22A38 /* MainMenu.xib */ = {
			isa = PBXVariantGroup;
			children = (
				AE97F46817A4EAFE00D22A38 /* en */,
			);
			name = MainMenu.xib;
			sourceTree = "<group>";
		};
/* End PBXVariantGroup section */

/* Begin XCBuildConfiguration section */
		AE97F46A17A4EAFE00D22A38 /* Debug */ = {
			isa = XCBuildConfiguration;
			buildSettings = {
				ALWAYS_SEARCH_USER_PATHS = NO;
				ARCHS = "$(ARCHS_STANDARD_64_BIT)";
				CLANG_CXX_LANGUAGE_STANDARD = "gnu++0x";
				CLANG_CXX_LIBRARY = "libc++";
				CLANG_WARN_EMPTY_BODY = YES;
				CLANG_WARN__DUPLICATE_METHOD_MATCH = YES;
				CODE_SIGN_ENTITLEMENTS = "";
				CODE_SIGN_IDENTITY = "Taylor Milligan Davis";
				COPY_PHASE_STRIP = NO;
				GCC_C_LANGUAGE_STANDARD = gnu99;
				GCC_DYNAMIC_NO_PIC = NO;
				GCC_ENABLE_OBJC_EXCEPTIONS = YES;
				GCC_OPTIMIZATION_LEVEL = 0;
				GCC_PREPROCESSOR_DEFINITIONS = (
					"DEBUG=1",
					"$(inherited)",
				);
				GCC_SYMBOLS_PRIVATE_EXTERN = NO;
				GCC_WARN_64_TO_32_BIT_CONVERSION = YES;
				GCC_WARN_ABOUT_RETURN_TYPE = YES;
				GCC_WARN_UNINITIALIZED_AUTOS = YES;
				GCC_WARN_UNUSED_VARIABLE = YES;
				MACOSX_DEPLOYMENT_TARGET = 10.8;
				ONLY_ACTIVE_ARCH = YES;
				PROVISIONING_PROFILE = "";
				SDKROOT = macosx;
			};
			name = Debug;
		};
		AE97F46B17A4EAFE00D22A38 /* Release */ = {
			isa = XCBuildConfiguration;
			buildSettings = {
				ALWAYS_SEARCH_USER_PATHS = NO;
				ARCHS = "$(ARCHS_STANDARD_64_BIT)";
				CLANG_CXX_LANGUAGE_STANDARD = "gnu++0x";
				CLANG_CXX_LIBRARY = "libc++";
				CLANG_WARN_EMPTY_BODY = YES;
				CLANG_WARN__DUPLICATE_METHOD_MATCH = YES;
				CODE_SIGN_ENTITLEMENTS = "";
				CODE_SIGN_IDENTITY = "Taylor Milligan Davis";
				COPY_PHASE_STRIP = YES;
				DEBUG_INFORMATION_FORMAT = "dwarf-with-dsym";
				GCC_C_LANGUAGE_STANDARD = gnu99;
				GCC_ENABLE_OBJC_EXCEPTIONS = YES;
				GCC_WARN_64_TO_32_BIT_CONVERSION = YES;
				GCC_WARN_ABOUT_RETURN_TYPE = YES;
				GCC_WARN_UNINITIALIZED_AUTOS = YES;
				GCC_WARN_UNUSED_VARIABLE = YES;
				MACOSX_DEPLOYMENT_TARGET = 10.8;
				PROVISIONING_PROFILE = "";
				SDKROOT = macosx;
			};
			name = Release;
		};
		AE97F46D17A4EAFE00D22A38 /* Debug */ = {
			isa = XCBuildConfiguration;
			buildSettings = {
				ARCHS = "$(ARCHS_STANDARD_32_64_BIT)";
				COMBINE_HIDPI_IMAGES = YES;
				DEPLOYMENT_POSTPROCESSING = YES;
				FRAMEWORK_SEARCH_PATHS = (
					"$(inherited)",
					"\"$(SRCROOT)\"",
					"\"$(SRCROOT)/ProbablyEngine\"",
				);
				GCC_PRECOMPILE_PREFIX_HEADER = YES;
				GCC_PREFIX_HEADER = "ProbablyEngine/ProbablyEngine-Prefix.pch";
				GENERATE_MASTER_OBJECT_FILE = YES;
				INFOPLIST_FILE = "ProbablyEngine/ProbablyEngine-Info.plist";
				MACOSX_DEPLOYMENT_TARGET = 10.6;
				PRODUCT_NAME = "$(TARGET_NAME)";
				PROVISIONING_PROFILE = "";
				SDKROOT = macosx10.8;
				STRIP_STYLE = "non-global";
				WRAPPER_EXTENSION = app;
			};
			name = Debug;
		};
		AE97F46E17A4EAFE00D22A38 /* Release */ = {
			isa = XCBuildConfiguration;
			buildSettings = {
				ARCHS = "$(ARCHS_STANDARD_32_64_BIT)";
				COMBINE_HIDPI_IMAGES = YES;
				DEPLOYMENT_POSTPROCESSING = YES;
				FRAMEWORK_SEARCH_PATHS = (
					"$(inherited)",
					"\"$(SRCROOT)\"",
					"\"$(SRCROOT)/ProbablyEngine\"",
				);
				GCC_PRECOMPILE_PREFIX_HEADER = YES;
				GCC_PREFIX_HEADER = "ProbablyEngine/ProbablyEngine-Prefix.pch";
				GENERATE_MASTER_OBJECT_FILE = YES;
				INFOPLIST_FILE = "ProbablyEngine/ProbablyEngine-Info.plist";
				MACOSX_DEPLOYMENT_TARGET = 10.6;
				PRODUCT_NAME = "$(TARGET_NAME)";
				PROVISIONING_PROFILE = "";
				SDKROOT = macosx10.8;
				STRIP_STYLE = "non-global";
				WRAPPER_EXTENSION = app;
			};
			name = Release;
		};
/* End XCBuildConfiguration section */

/* Begin XCConfigurationList section */
		AE97F44817A4EAFE00D22A38 /* Build configuration list for PBXProject "ProbablyEngine" */ = {
			isa = XCConfigurationList;
			buildConfigurations = (
				AE97F46A17A4EAFE00D22A38 /* Debug */,
				AE97F46B17A4EAFE00D22A38 /* Release */,
			);
			defaultConfigurationIsVisible = 0;
			defaultConfigurationName = Release;
		};
		AE97F46C17A4EAFE00D22A38 /* Build configuration list for PBXNativeTarget "ProbablyEngine" */ = {
			isa = XCConfigurationList;
			buildConfigurations = (
				AE97F46D17A4EAFE00D22A38 /* Debug */,
				AE97F46E17A4EAFE00D22A38 /* Release */,
			);
			defaultConfigurationIsVisible = 0;
			defaultConfigurationName = Release;
		};
/* End XCConfigurationList section */
	};
	rootObject = AE97F44517A4EAFE00D22A38 /* Project object */;
}
